
Microsoft Visual Studio Solution File, Format Version 12.00
# Visual Studio Version 16
VisualStudioVersion = 16.0.31624.102
MinimumVisualStudioVersion = 10.0.40219.1
Project("{FAE04EC0-301F-11D3-BF4B-00C04F79EFBC}") = "Tarea3Aplicada", "Tarea3Aplicada.csproj", "{B5B19715-427D-40CA-8C41-92BCE861BE3E}"
EndProject
Global
	GlobalSection(SolutionConfigurationPlatforms) = preSolution
		Debug|Any CPU = Debug|Any CPU
		Release|Any CPU = Release|Any CPU
	EndGlobalSection
	GlobalSection(ProjectConfigurationPlatforms) = postSolution
		{B5B19715-427D-40CA-8C41-92BCE861BE3E}.Debug|Any CPU.ActiveCfg = Debug|Any CPU
		{B5B19715-427D-40CA-8C41-92BCE861BE3E}.Debug|Any CPU.Build.0 = Debug|Any CPU
		{B5B19715-427D-40CA-8C41-92BCE861BE3E}.Release|Any CPU.ActiveCfg = Release|Any CPU
		{B5B19715-427D-40CA-8C41-92BCE861BE3E}.Release|Any CPU.Build.0 = Release|Any CPU
	EndGlobalSection
	GlobalSection(SolutionProperties) = preSolution
		HideSolutionNode = FALSE
	EndGlobalSection
	GlobalSection(ExtensibilityGlobals) = postSolution
		SolutionGuid = {43AC828D-D0D8-4829-AEA3-E1740EB42C89}
	EndGlobalSection
EndGlobal
